
Microsoft Visual Studio Solution File, Format Version 12.00
# Visual Studio Version 17
VisualStudioVersion = 17.8.34330.188
MinimumVisualStudioVersion = 10.0.40219.1
Project("{9A19103F-16F7-4668-BE54-9A1E7A4F7556}") = "TDV.API", "TDV.API\TDV.API.csproj", "{63350002-8E8D-46C7-8EAE-938382A4B1F8}"
EndProject
Project("{9A19103F-16F7-4668-BE54-9A1E7A4F7556}") = "TDV.Entity", "TDV.Entity\TDV.Entity.csproj", "{7D4E2151-746F-40C9-9CAD-30BFF4D81235}"
EndProject
Project("{9A19103F-16F7-4668-BE54-9A1E7A4F7556}") = "TDV.DataAccess", "TDV.DataAccess\TDV.DataAccess.csproj", "{1F44E4B4-0C1D-48F6-86D1-2E162BC9060E}"
EndProject
Project("{FAE04EC0-301F-11D3-BF4B-00C04F79EFBC}") = "TDV.Application", "TDV.Application\TDV.Application.csproj", "{A7A8993D-F4CC-49BD-8C8B-31777CDD8520}"
EndProject
Project("{FAE04EC0-301F-11D3-BF4B-00C04F79EFBC}") = "TDV.Application.Shared", "TDV.Application.Shared\TDV.Application.Shared.csproj", "{22352A9C-3296-45D5-9189-B06B85F4E044}"
EndProject
Global
	GlobalSection(SolutionConfigurationPlatforms) = preSolution
		Debug|Any CPU = Debug|Any CPU
		Release|Any CPU = Release|Any CPU
	EndGlobalSection
	GlobalSection(ProjectConfigurationPlatforms) = postSolution
		{63350002-8E8D-46C7-8EAE-938382A4B1F8}.Debug|Any CPU.ActiveCfg = Debug|Any CPU
		{63350002-8E8D-46C7-8EAE-938382A4B1F8}.Debug|Any CPU.Build.0 = Debug|Any CPU
		{63350002-8E8D-46C7-8EAE-938382A4B1F8}.Release|Any CPU.ActiveCfg = Release|Any CPU
		{63350002-8E8D-46C7-8EAE-938382A4B1F8}.Release|Any CPU.Build.0 = Release|Any CPU
		{7D4E2151-746F-40C9-9CAD-30BFF4D81235}.Debug|Any CPU.ActiveCfg = Debug|Any CPU
		{7D4E2151-746F-40C9-9CAD-30BFF4D81235}.Debug|Any CPU.Build.0 = Debug|Any CPU
		{7D4E2151-746F-40C9-9CAD-30BFF4D81235}.Release|Any CPU.ActiveCfg = Release|Any CPU
		{7D4E2151-746F-40C9-9CAD-30BFF4D81235}.Release|Any CPU.Build.0 = Release|Any CPU
		{1F44E4B4-0C1D-48F6-86D1-2E162BC9060E}.Debug|Any CPU.ActiveCfg = Debug|Any CPU
		{1F44E4B4-0C1D-48F6-86D1-2E162BC9060E}.Debug|Any CPU.Build.0 = Debug|Any CPU
		{1F44E4B4-0C1D-48F6-86D1-2E162BC9060E}.Release|Any CPU.ActiveCfg = Release|Any CPU
		{1F44E4B4-0C1D-48F6-86D1-2E162BC9060E}.Release|Any CPU.Build.0 = Release|Any CPU
		{A7A8993D-F4CC-49BD-8C8B-31777CDD8520}.Debug|Any CPU.ActiveCfg = Debug|Any CPU
		{A7A8993D-F4CC-49BD-8C8B-31777CDD8520}.Debug|Any CPU.Build.0 = Debug|Any CPU
		{A7A8993D-F4CC-49BD-8C8B-31777CDD8520}.Release|Any CPU.ActiveCfg = Release|Any CPU
		{A7A8993D-F4CC-49BD-8C8B-31777CDD8520}.Release|Any CPU.Build.0 = Release|Any CPU
		{22352A9C-3296-45D5-9189-B06B85F4E044}.Debug|Any CPU.ActiveCfg = Debug|Any CPU
		{22352A9C-3296-45D5-9189-B06B85F4E044}.Debug|Any CPU.Build.0 = Debug|Any CPU
		{22352A9C-3296-45D5-9189-B06B85F4E044}.Release|Any CPU.ActiveCfg = Release|Any CPU
		{22352A9C-3296-45D5-9189-B06B85F4E044}.Release|Any CPU.Build.0 = Release|Any CPU
	EndGlobalSection
	GlobalSection(SolutionProperties) = preSolution
		HideSolutionNode = FALSE
	EndGlobalSection
	GlobalSection(ExtensibilityGlobals) = postSolution
		SolutionGuid = {D1BA36E1-5072-4BFE-9852-79F915B47054}
	EndGlobalSection
EndGlobal
